github.com/go-playground/assert v1.2.1 h1:ad06XqC+TOv0nJWnbULSlh3ehp5uLuQEojZY5Tq8RgI=
github.com/go-playground/assert v1.2.1/go.mod h1:Lgy+k19nOB/wQG/fVSQ7rra5qYugmytMQqvQ2dgjWn8=
github.com/golang/protobuf v1.3.3 h1:gyjaxf+svBWX08ZjK86iN9geUJF0H6gp2IRKX6Nf6/I=
github.com/golang/protobuf v1.3.3/go.mod h1:vzj43D7+SQXF/4pzW/hwtAqwc6iTitCiVSaWz5lYuqw=
